
Microsoft Visual Studio Solution File, Format Version 12.00
# Visual Studio Version 16
VisualStudioVersion = 16.0.30503.244
MinimumVisualStudioVersion = 10.0.40219.1
Project("{8BC9CEB8-8B4A-11D0-8D11-00A0C91BC942}") = "Amano", "Amano\Amano.vcxproj", "{A1CD4BEC-0390-4866-90DB-895774142EBE}"
EndProject
Global
	GlobalSection(SolutionConfigurationPlatforms) = preSolution
		Debug|x64 = Debug|x64
		Release|x64 = Release|x64
	EndGlobalSection
	GlobalSection(ProjectConfigurationPlatforms) = postSolution
		{A1CD4BEC-0390-4866-90DB-895774142EBE}.Debug|x64.ActiveCfg = Debug|x64
		{A1CD4BEC-0390-4866-90DB-895774142EBE}.Debug|x64.Build.0 = Debug|x64
		{A1CD4BEC-0390-4866-90DB-895774142EBE}.Release|x64.ActiveCfg = Release|x64
		{A1CD4BEC-0390-4866-90DB-895774142EBE}.Release|x64.Build.0 = Release|x64
	EndGlobalSection
	GlobalSection(SolutionProperties) = preSolution
		HideSolutionNode = FALSE
	EndGlobalSection
	GlobalSection(ExtensibilityGlobals) = postSolution
		SolutionGuid = {AE31C18C-02A6-4026-B9ED-29042F999845}
	EndGlobalSection
EndGlobal
