<?xml version="1.0" encoding="utf-8"?>
<Project ToolsVersion="4.0" xmlns="http://schemas.microsoft.com/developer/msbuild/2003">
  <ItemGroup>
    <Filter Include="Source Files">
      <UniqueIdentifier>{4FC737F1-C7A5-4376-A066-2A32D752A2FF}</UniqueIdentifier>
      <Extensions>cpp;c;cc;cxx;c++;cppm;ixx;def;odl;idl;hpj;bat;asm;asmx</Extensions>
    </Filter>
    <Filter Include="Header Files">
      <UniqueIdentifier>{93995380-89BD-4b04-88EB-625FBE52EBFB}</UniqueIdentifier>
      <Extensions>h;hh;hpp;hxx;h++;hm;inl;inc;ipp;xsd</Extensions>
    </Filter>
    <Filter Include="Resource Files">
      <UniqueIdentifier>{67DA6AB6-F800-4c08-8B7A-83BB121AAD01}</UniqueIdentifier>
      <Extensions>rc;ico;cur;bmp;dlg;rc2;rct;bin;rgs;gif;jpg;jpeg;jpe;resx;tiff;tif;png;wav;mfcribbon-ms</Extensions>
    </Filter>
    <Filter Include="Header Files\Builder">
      <UniqueIdentifier>{dde6ac2c-5c2e-4b52-aad2-4c7765492ecb}</UniqueIdentifier>
    </Filter>
    <Filter Include="Source Files\Builder">
      <UniqueIdentifier>{bb9fa443-3697-42ee-bd26-f1a4b92b1539}</UniqueIdentifier>
    </Filter>
    <Filter Include="External">
      <UniqueIdentifier>{00125d5a-1677-4a84-a9a2-53f2b03c94f3}</UniqueIdentifier>
    </Filter>
    <Filter Include="External\imgui">
      <UniqueIdentifier>{b75a63bd-86ba-4053-94a6-11531fa60e73}</UniqueIdentifier>
    </Filter>
  </ItemGroup>
  <ItemGroup>
    <ClCompile Include="main.cpp">
      <Filter>Source Files</Filter>
    </ClCompile>
    <ClCompile Include="Application.cpp">
      <Filter>Source Files</Filter>
    </ClCompile>
    <ClCompile Include="Device.cpp">
      <Filter>Source Files</Filter>
    </ClCompile>
    <ClCompile Include="Builder\DescriptorSetLayoutBuilder.cpp">
      <Filter>Source Files\Builder</Filter>
    </ClCompile>
    <ClCompile Include="Builder\PipelineBuilder.cpp">
      <Filter>Source Files\Builder</Filter>
    </ClCompile>
    <ClCompile Include="Builder\RenderPassBuilder.cpp">
      <Filter>Source Files\Builder</Filter>
    </ClCompile>
    <ClCompile Include="Builder\PipelineLayoutBuilder.cpp">
      <Filter>Source Files\Builder</Filter>
    </ClCompile>
    <ClCompile Include="Queue.cpp">
      <Filter>Source Files</Filter>
    </ClCompile>
    <ClCompile Include="Image.cpp">
      <Filter>Source Files</Filter>
    </ClCompile>
    <ClCompile Include="Builder\FramebufferBuilder.cpp">
      <Filter>Source Files\Builder</Filter>
    </ClCompile>
    <ClCompile Include="Builder\SamplerBuilder.cpp">
      <Filter>Source Files\Builder</Filter>
    </ClCompile>
    <ClCompile Include="Builder\DescriptorSetBuilder.cpp">
      <Filter>Source Files\Builder</Filter>
    </ClCompile>
    <ClCompile Include="Extensions.cpp">
      <Filter>Source Files</Filter>
    </ClCompile>
    <ClCompile Include="Builder\RaytracingPipelineBuilder.cpp">
      <Filter>Source Files\Builder</Filter>
    </ClCompile>
    <ClCompile Include="Builder\PipelineBuilderBase.cpp">
      <Filter>Source Files\Builder</Filter>
    </ClCompile>
    <ClCompile Include="Builder\RaytracingAccelerationStructureBuilder.cpp">
      <Filter>Source Files\Builder</Filter>
    </ClCompile>
    <ClCompile Include="Builder\ShaderBindingTableBuilder.cpp">
      <Filter>Source Files\Builder</Filter>
    </ClCompile>
    <ClCompile Include="Mesh.cpp">
      <Filter>Source Files</Filter>
    </ClCompile>
    <ClCompile Include="..\..\External\imgui\imgui.cpp">
      <Filter>External\imgui</Filter>
    </ClCompile>
    <ClCompile Include="..\..\External\imgui\imgui_draw.cpp">
      <Filter>External\imgui</Filter>
    </ClCompile>
    <ClCompile Include="..\..\External\imgui\imgui_widgets.cpp">
      <Filter>External\imgui</Filter>
    </ClCompile>
    <ClCompile Include="..\..\External\imgui\examples\imgui_impl_vulkan.cpp">
      <Filter>External\imgui</Filter>
    </ClCompile>
    <ClCompile Include="InputSystem.cpp">
      <Filter>Source Files</Filter>
    </ClCompile>
    <ClCompile Include="DebugOrbitCamera.cpp">
      <Filter>Source Files</Filter>
    </ClCompile>
    <ClCompile Include="ImGuiSystem.cpp">
      <Filter>Source Files</Filter>
    </ClCompile>
  </ItemGroup>
  <ItemGroup>
    <ClInclude Include="Application.h">
      <Filter>Header Files</Filter>
    </ClInclude>
    <ClInclude Include="Device.h">
      <Filter>Header Files</Filter>
    </ClInclude>
    <ClInclude Include="Builder\DescriptorSetLayoutBuilder.h">
      <Filter>Header Files\Builder</Filter>
    </ClInclude>
    <ClInclude Include="Builder\PipelineBuilder.h">
      <Filter>Header Files\Builder</Filter>
    </ClInclude>
    <ClInclude Include="Builder\RenderPassBuilder.h">
      <Filter>Header Files\Builder</Filter>
    </ClInclude>
    <ClInclude Include="Builder\PipelineLayoutBuilder.h">
      <Filter>Header Files\Builder</Filter>
    </ClInclude>
    <ClInclude Include="Queue.h">
      <Filter>Header Files</Filter>
    </ClInclude>
    <ClInclude Include="Image.h">
      <Filter>Header Files</Filter>
    </ClInclude>
    <ClInclude Include="Builder\FramebufferBuilder.h">
      <Filter>Header Files\Builder</Filter>
    </ClInclude>
    <ClInclude Include="UniformBuffer.h">
      <Filter>Header Files</Filter>
    </ClInclude>
    <ClInclude Include="Builder\SamplerBuilder.h">
      <Filter>Header Files\Builder</Filter>
    </ClInclude>
    <ClInclude Include="Builder\DescriptorSetBuilder.h">
      <Filter>Header Files\Builder</Filter>
    </ClInclude>
    <ClInclude Include="Extensions.h">
      <Filter>Header Files</Filter>
    </ClInclude>
    <ClInclude Include="Builder\RaytracingPipelineBuilder.h">
      <Filter>Header Files\Builder</Filter>
    </ClInclude>
    <ClInclude Include="Builder\PipelineBuilderBase.h">
      <Filter>Header Files\Builder</Filter>
    </ClInclude>
    <ClInclude Include="Builder\RaytracingAccelerationStructureBuilder.h">
      <Filter>Header Files\Builder</Filter>
    </ClInclude>
    <ClInclude Include="Builder\ShaderBindingTableBuilder.h">
      <Filter>Header Files\Builder</Filter>
    </ClInclude>
    <ClInclude Include="Builder\TransitionImageBarrierBuilder.h">
      <Filter>Header Files\Builder</Filter>
    </ClInclude>
    <ClInclude Include="Mesh.h">
      <Filter>Header Files</Filter>
    </ClInclude>
    <ClInclude Include="..\..\External\imgui\imconfig.h">
      <Filter>External\imgui</Filter>
    </ClInclude>
    <ClInclude Include="..\..\External\imgui\imgui.h">
      <Filter>External\imgui</Filter>
    </ClInclude>
    <ClInclude Include="..\..\External\imgui\imgui_internal.h">
      <Filter>External\imgui</Filter>
    </ClInclude>
    <ClInclude Include="..\..\External\imgui\imstb_rectpack.h">
      <Filter>External\imgui</Filter>
    </ClInclude>
    <ClInclude Include="..\..\External\imgui\imstb_textedit.h">
      <Filter>External\imgui</Filter>
    </ClInclude>
    <ClInclude Include="..\..\External\imgui\imstb_truetype.h">
      <Filter>External\imgui</Filter>
    </ClInclude>
    <ClInclude Include="..\..\External\imgui\examples\imgui_impl_vulkan.h">
      <Filter>External\imgui</Filter>
    </ClInclude>
    <ClInclude Include="glfw.h">
      <Filter>Header Files</Filter>
    </ClInclude>
    <ClInclude Include="glm.h">
      <Filter>Header Files</Filter>
    </ClInclude>
    <ClInclude Include="Vertex.h">
      <Filter>Header Files</Filter>
    </ClInclude>
    <ClInclude Include="InputSystem.h">
      <Filter>Header Files</Filter>
    </ClInclude>
    <ClInclude Include="DebugOrbitCamera.h">
      <Filter>Header Files</Filter>
    </ClInclude>
    <ClInclude Include="ImGuiSystem.h">
      <Filter>Header Files</Filter>
    </ClInclude>
  </ItemGroup>
</Project>